
Microsoft Visual Studio Solution File, Format Version 12.00
# Visual Studio Version 16
VisualStudioVersion = 16.0.30503.244
MinimumVisualStudioVersion = 10.0.40219.1
Project("{FAE04EC0-301F-11D3-BF4B-00C04F79EFBC}") = "Zamaklar_LV6_RUAP", "Zamaklar_LV6_RUAP\Zamaklar_LV6_RUAP.csproj", "{8E2B0A91-6F4A-4D69-A783-3EAA5C2BB594}"
EndProject
Global
	GlobalSection(SolutionConfigurationPlatforms) = preSolution
		Debug|Any CPU = Debug|Any CPU
		Release|Any CPU = Release|Any CPU
	EndGlobalSection
	GlobalSection(ProjectConfigurationPlatforms) = postSolution
		{8E2B0A91-6F4A-4D69-A783-3EAA5C2BB594}.Debug|Any CPU.ActiveCfg = Debug|Any CPU
		{8E2B0A91-6F4A-4D69-A783-3EAA5C2BB594}.Debug|Any CPU.Build.0 = Debug|Any CPU
		{8E2B0A91-6F4A-4D69-A783-3EAA5C2BB594}.Release|Any CPU.ActiveCfg = Release|Any CPU
		{8E2B0A91-6F4A-4D69-A783-3EAA5C2BB594}.Release|Any CPU.Build.0 = Release|Any CPU
	EndGlobalSection
	GlobalSection(SolutionProperties) = preSolution
		HideSolutionNode = FALSE
	EndGlobalSection
	GlobalSection(ExtensibilityGlobals) = postSolution
		SolutionGuid = {74D0ABE3-1154-4CDE-A7EB-8EE33BE1395F}
	EndGlobalSection
EndGlobal
